// !$*UTF8*$!
{
	archiveVersion = 1;
	classes = {
	};
	objectVersion = 46;
	objects = {

/* Begin PBXBuildFile section */
		0286BBEBC70F6BBB52E1A405 /* Pods_Tests.framework in Frameworks */ = {isa = PBXBuildFile; fileRef = 27DFBE41468035F1A5D41A23 /* Pods_Tests.framework */; settings = {ATTRIBUTES = (Weak, ); }; };
		BE3B35E91AF6FA6900B7040E /* RandomTestTest.swift in Sources */ = {isa = PBXBuildFile; fileRef = BE3B35E21AF6FA4C00B7040E /* RandomTestTest.swift */; };
		BEBF54581AFED55600566EE0 /* RandomStringTest.swift in Sources */ = {isa = PBXBuildFile; fileRef = BEBF54571AFED55600566EE0 /* RandomStringTest.swift */; };
		BEC493FC1B03652500E94ACC /* Random.swift in Sources */ = {isa = PBXBuildFile; fileRef = BEC493F91B03651100E94ACC /* Random.swift */; };
/* End PBXBuildFile section */

/* Begin PBXFileReference section */
		242E76245B0ABAAB1E2550E3 /* Pods-Tests.debug.xcconfig */ = {isa = PBXFileReference; includeInIndex = 1; lastKnownFileType = text.xcconfig; name = "Pods-Tests.debug.xcconfig"; path = "Pods/Target Support Files/Pods-Tests/Pods-Tests.debug.xcconfig"; sourceTree = "<group>"; };
		27DFBE41468035F1A5D41A23 /* Pods_Tests.framework */ = {isa = PBXFileReference; explicitFileType = wrapper.framework; includeInIndex = 0; path = Pods_Tests.framework; sourceTree = BUILT_PRODUCTS_DIR; };
		3475422748E04EF201630A6C /* Pods_RandomSwift.framework */ = {isa = PBXFileReference; explicitFileType = wrapper.framework; includeInIndex = 0; path = Pods_RandomSwift.framework; sourceTree = BUILT_PRODUCTS_DIR; };
		34B1A2C6D20E9B8C2A4ADEA4 /* Pods-RandomSwift.debug.xcconfig */ = {isa = PBXFileReference; includeInIndex = 1; lastKnownFileType = text.xcconfig; name = "Pods-RandomSwift.debug.xcconfig"; path = "Pods/Target Support Files/Pods-RandomSwift/Pods-RandomSwift.debug.xcconfig"; sourceTree = "<group>"; };
		4FD0BB7A3FB1EE74366B7D5F /* Pods-RandomSwift.release.xcconfig */ = {isa = PBXFileReference; includeInIndex = 1; lastKnownFileType = text.xcconfig; name = "Pods-RandomSwift.release.xcconfig"; path = "Pods/Target Support Files/Pods-RandomSwift/Pods-RandomSwift.release.xcconfig"; sourceTree = "<group>"; };
		BE3B35E11AF6FA4C00B7040E /* en */ = {isa = PBXFileReference; lastKnownFileType = text.plist.strings; name = en; path = en.lproj/InfoPlist.strings; sourceTree = "<group>"; };
		BE3B35E21AF6FA4C00B7040E /* RandomTestTest.swift */ = {isa = PBXFileReference; fileEncoding = 4; lastKnownFileType = sourcecode.swift; path = RandomTestTest.swift; sourceTree = "<group>"; };
		BE3B35E31AF6FA4C00B7040E /* Tests-Bridging-Header.h */ = {isa = PBXFileReference; fileEncoding = 4; lastKnownFileType = sourcecode.c.h; path = "Tests-Bridging-Header.h"; sourceTree = "<group>"; };
		BE3B35E41AF6FA4C00B7040E /* Info.plist */ = {isa = PBXFileReference; fileEncoding = 4; lastKnownFileType = text.plist.xml; path = Info.plist; sourceTree = "<group>"; };
		BE3B35E51AF6FA4C00B7040E /* Tests-Prefix.pch */ = {isa = PBXFileReference; fileEncoding = 4; lastKnownFileType = sourcecode.c.h; path = "Tests-Prefix.pch"; sourceTree = "<group>"; };
		BEB4BF3E1AF6F998005ADD60 /* Tests.xctest */ = {isa = PBXFileReference; explicitFileType = wrapper.cfbundle; includeInIndex = 0; path = Tests.xctest; sourceTree = BUILT_PRODUCTS_DIR; };
		BEBF54571AFED55600566EE0 /* RandomStringTest.swift */ = {isa = PBXFileReference; fileEncoding = 4; lastKnownFileType = sourcecode.swift; path = RandomStringTest.swift; sourceTree = "<group>"; };
		BEC493F81B03651100E94ACC /* .gitkeep */ = {isa = PBXFileReference; fileEncoding = 4; lastKnownFileType = text; path = .gitkeep; sourceTree = "<group>"; };
		BEC493F91B03651100E94ACC /* Random.swift */ = {isa = PBXFileReference; fileEncoding = 4; lastKnownFileType = sourcecode.swift; path = Random.swift; sourceTree = "<group>"; };
		F859890EA9BE37960C71C04A /* Pods-Tests.release.xcconfig */ = {isa = PBXFileReference; includeInIndex = 1; lastKnownFileType = text.xcconfig; name = "Pods-Tests.release.xcconfig"; path = "Pods/Target Support Files/Pods-Tests/Pods-Tests.release.xcconfig"; sourceTree = "<group>"; };
/* End PBXFileReference section */

/* Begin PBXFrameworksBuildPhase section */
		BEB4BF3B1AF6F998005ADD60 /* Frameworks */ = {
			isa = PBXFrameworksBuildPhase;
			buildActionMask = 2147483647;
			files = (
				0286BBEBC70F6BBB52E1A405 /* Pods_Tests.framework in Frameworks */,
			);
			runOnlyForDeploymentPostprocessing = 0;
		};
/* End PBXFrameworksBuildPhase section */

/* Begin PBXGroup section */
		BE3B35DF1AF6FA4C00B7040E /* Tests */ = {
			isa = PBXGroup;
			children = (
				BE3B35E01AF6FA4C00B7040E /* InfoPlist.strings */,
				BE3B35E21AF6FA4C00B7040E /* RandomTestTest.swift */,
				BE3B35E31AF6FA4C00B7040E /* Tests-Bridging-Header.h */,
				BE3B35E41AF6FA4C00B7040E /* Info.plist */,
				BE3B35E51AF6FA4C00B7040E /* Tests-Prefix.pch */,
				BEBF54571AFED55600566EE0 /* RandomStringTest.swift */,
			);
			path = Tests;
			sourceTree = "<group>";
		};
		BEB4BF201AF6F998005ADD60 = {
			isa = PBXGroup;
			children = (
				BEC493F71B03651100E94ACC /* Classes */,
				BE3B35DF1AF6FA4C00B7040E /* Tests */,
				BEB4BF2A1AF6F998005ADD60 /* Products */,
				CF7C08CCEF102DDD7BFB41C1 /* Pods */,
				E00849E0A5B5AF53EC110099 /* Frameworks */,
			);
			sourceTree = "<group>";
		};
		BEB4BF2A1AF6F998005ADD60 /* Products */ = {
			isa = PBXGroup;
			children = (
				BEB4BF3E1AF6F998005ADD60 /* Tests.xctest */,
			);
			name = Products;
			sourceTree = "<group>";
		};
		BEC493F71B03651100E94ACC /* Classes */ = {
			isa = PBXGroup;
			children = (
				BEC493F81B03651100E94ACC /* .gitkeep */,
				BEC493F91B03651100E94ACC /* Random.swift */,
			);
			path = Classes;
			sourceTree = "<group>";
		};
		CF7C08CCEF102DDD7BFB41C1 /* Pods */ = {
			isa = PBXGroup;
			children = (
				34B1A2C6D20E9B8C2A4ADEA4 /* Pods-RandomSwift.debug.xcconfig */,
				4FD0BB7A3FB1EE74366B7D5F /* Pods-RandomSwift.release.xcconfig */,
				242E76245B0ABAAB1E2550E3 /* Pods-Tests.debug.xcconfig */,
				F859890EA9BE37960C71C04A /* Pods-Tests.release.xcconfig */,
			);
			name = Pods;
			sourceTree = "<group>";
		};
		E00849E0A5B5AF53EC110099 /* Frameworks */ = {
			isa = PBXGroup;
			children = (
				3475422748E04EF201630A6C /* Pods_RandomSwift.framework */,
				27DFBE41468035F1A5D41A23 /* Pods_Tests.framework */,
			);
			name = Frameworks;
			sourceTree = "<group>";
		};
/* End PBXGroup section */

/* Begin PBXNativeTarget section */
		BEB4BF3D1AF6F998005ADD60 /* Tests */ = {
			isa = PBXNativeTarget;
			buildConfigurationList = BEB4BF4B1AF6F999005ADD60 /* Build configuration list for PBXNativeTarget "Tests" */;
			buildPhases = (
				560E893EEADA588793538BD5 /* Check Pods Manifest.lock */,
				BEB4BF3A1AF6F998005ADD60 /* Sources */,
				BEB4BF3B1AF6F998005ADD60 /* Frameworks */,
				BEB4BF3C1AF6F998005ADD60 /* Resources */,
				B5A21FD490BDE9B38EB4E9FA /* Embed Pods Frameworks */,
				0C81556E2FA1C84613C53C88 /* Copy Pods Resources */,
			);
			buildRules = (
			);
			dependencies = (
			);
			name = Tests;
			productName = RandomSwiftTests;
			productReference = BEB4BF3E1AF6F998005ADD60 /* Tests.xctest */;
			productType = "com.apple.product-type.bundle.unit-test";
		};
/* End PBXNativeTarget section */

/* Begin PBXProject section */
		BEB4BF211AF6F998005ADD60 /* Project object */ = {
			isa = PBXProject;
			attributes = {
				LastUpgradeCheck = 0630;
				ORGANIZATIONNAME = akuraru;
				TargetAttributes = {
					BEB4BF3D1AF6F998005ADD60 = {
						CreatedOnToolsVersion = 6.3.1;
					};
				};
			};
			buildConfigurationList = BEB4BF241AF6F998005ADD60 /* Build configuration list for PBXProject "RandomSwift" */;
			compatibilityVersion = "Xcode 3.2";
			developmentRegion = English;
			hasScannedForEncodings = 0;
			knownRegions = (
				en,
				Base,
			);
			mainGroup = BEB4BF201AF6F998005ADD60;
			productRefGroup = BEB4BF2A1AF6F998005ADD60 /* Products */;
			projectDirPath = "";
			projectRoot = "";
			targets = (
				BEB4BF3D1AF6F998005ADD60 /* Tests */,
			);
		};
/* End PBXProject section */

/* Begin PBXResourcesBuildPhase section */
		BEB4BF3C1AF6F998005ADD60 /* Resources */ = {
			isa = PBXResourcesBuildPhase;
			buildActionMask = 2147483647;
			files = (
			);
			runOnlyForDeploymentPostprocessing = 0;
		};
/* End PBXResourcesBuildPhase section */

/* Begin PBXShellScriptBuildPhase section */
		0C81556E2FA1C84613C53C88 /* Copy Pods Resources */ = {
			isa = PBXShellScriptBuildPhase;
			buildActionMask = 2147483647;
			files = (
			);
			inputPaths = (
			);
			name = "Copy Pods Resources";
			outputPaths = (
			);
			runOnlyForDeploymentPostprocessing = 0;
			shellPath = /bin/sh;
			shellScript = "\"${SRCROOT}/Pods/Target Support Files/Pods-Tests/Pods-Tests-resources.sh\"\n";
			showEnvVarsInLog = 0;
		};
		560E893EEADA588793538BD5 /* Check Pods Manifest.lock */ = {
			isa = PBXShellScriptBuildPhase;
			buildActionMask = 2147483647;
			files = (
			);
			inputPaths = (
			);
			name = "Check Pods Manifest.lock";
			outputPaths = (
			);
			runOnlyForDeploymentPostprocessing = 0;
			shellPath = /bin/sh;
			shellScript = "diff \"${PODS_ROOT}/../Podfile.lock\" \"${PODS_ROOT}/Manifest.lock\" > /dev/null\nif [[ $? != 0 ]] ; then\n    cat << EOM\nerror: The sandbox is not in sync with the Podfile.lock. Run 'pod install' or update your CocoaPods installation.\nEOM\n    exit 1\nfi\n";
			showEnvVarsInLog = 0;
		};
		B5A21FD490BDE9B38EB4E9FA /* Embed Pods Frameworks */ = {
			isa = PBXShellScriptBuildPhase;
			buildActionMask = 2147483647;
			files = (
			);
			inputPaths = (
			);
			name = "Embed Pods Frameworks";
			outputPaths = (
			);
			runOnlyForDeploymentPostprocessing = 0;
			shellPath = /bin/sh;
			shellScript = "\"${SRCROOT}/Pods/Target Support Files/Pods-Tests/Pods-Tests-frameworks.sh\"\n";
			showEnvVarsInLog = 0;
		};
/* End PBXShellScriptBuildPhase section */

/* Begin PBXSourcesBuildPhase section */
		BEB4BF3A1AF6F998005ADD60 /* Sources */ = {
			isa = PBXSourcesBuildPhase;
			buildActionMask = 2147483647;
			files = (
				BEBF54581AFED55600566EE0 /* RandomStringTest.swift in Sources */,
				BEC493FC1B03652500E94ACC /* Random.swift in Sources */,
				BE3B35E91AF6FA6900B7040E /* RandomTestTest.swift in Sources */,
			);
			runOnlyForDeploymentPostprocessing = 0;
		};
/* End PBXSourcesBuildPhase section */

/* Begin PBXVariantGroup section */
		BE3B35E01AF6FA4C00B7040E /* InfoPlist.strings */ = {
			isa = PBXVariantGroup;
			children = (
				BE3B35E11AF6FA4C00B7040E /* en */,
			);
			name = InfoPlist.strings;
			sourceTree = "<group>";
		};
/* End PBXVariantGroup section */

/* Begin XCBuildConfiguration section */
		BEB4BF461AF6F999005ADD60 /* Debug */ = {
			isa = XCBuildConfiguration;
			buildSettings = {
				ALWAYS_SEARCH_USER_PATHS = NO;
				CLANG_CXX_LANGUAGE_STANDARD = "gnu++0x";
				CLANG_CXX_LIBRARY = "libc++";
				CLANG_ENABLE_MODULES = YES;
				CLANG_ENABLE_OBJC_ARC = YES;
				CLANG_WARN_BOOL_CONVERSION = YES;
				CLANG_WARN_CONSTANT_CONVERSION = YES;
				CLANG_WARN_DIRECT_OBJC_ISA_USAGE = YES_ERROR;
				CLANG_WARN_EMPTY_BODY = YES;
				CLANG_WARN_ENUM_CONVERSION = YES;
				CLANG_WARN_INT_CONVERSION = YES;
				CLANG_WARN_OBJC_ROOT_CLASS = YES_ERROR;
				CLANG_WARN_UNREACHABLE_CODE = YES;
				CLANG_WARN__DUPLICATE_METHOD_MATCH = YES;
				"CODE_SIGN_IDENTITY[sdk=iphoneos*]" = "iPhone Developer";
				COPY_PHASE_STRIP = NO;
				DEBUG_INFORMATION_FORMAT = "dwarf-with-dsym";
				ENABLE_STRICT_OBJC_MSGSEND = YES;
				GCC_C_LANGUAGE_STANDARD = gnu99;
				GCC_DYNAMIC_NO_PIC = NO;
				GCC_NO_COMMON_BLOCKS = YES;
				GCC_OPTIMIZATION_LEVEL = 0;
				GCC_PREPROCESSOR_DEFINITIONS = (
					"DEBUG=1",
					"$(inherited)",
				);
				GCC_SYMBOLS_PRIVATE_EXTERN = NO;
				GCC_WARN_64_TO_32_BIT_CONVERSION = YES;
				GCC_WARN_ABOUT_RETURN_TYPE = YES_ERROR;
				GCC_WARN_UNDECLARED_SELECTOR = YES;
				GCC_WARN_UNINITIALIZED_AUTOS = YES_AGGRESSIVE;
				GCC_WARN_UNUSED_FUNCTION = YES;
				GCC_WARN_UNUSED_VARIABLE = YES;
				IPHONEOS_DEPLOYMENT_TARGET = 8.3;
				MTL_ENABLE_DEBUG_INFO = YES;
				ONLY_ACTIVE_ARCH = YES;
				SDKROOT = iphoneos;
				SWIFT_OPTIMIZATION_LEVEL = "-Onone";
			};
			name = Debug;
		};
		BEB4BF471AF6F999005ADD60 /* Release */ = {
			isa = XCBuildConfiguration;
			buildSettings = {
				ALWAYS_SEARCH_USER_PATHS = NO;
				CLANG_CXX_LANGUAGE_STANDARD = "gnu++0x";
				CLANG_CXX_LIBRARY = "libc++";
				CLANG_ENABLE_MODULES = YES;
				CLANG_ENABLE_OBJC_ARC = YES;
				CLANG_WARN_BOOL_CONVERSION = YES;
				CLANG_WARN_CONSTANT_CONVERSION = YES;
				CLANG_WARN_DIRECT_OBJC_ISA_USAGE = YES_ERROR;
				CLANG_WARN_EMPTY_BODY = YES;
				CLANG_WARN_ENUM_CONVERSION = YES;
				CLANG_WARN_INT_CONVERSION = YES;
				CLANG_WARN_OBJC_ROOT_CLASS = YES_ERROR;
				CLANG_WARN_UNREACHABLE_CODE = YES;
				CLANG_WARN__DUPLICATE_METHOD_MATCH = YES;
				"CODE_SIGN_IDENTITY[sdk=iphoneos*]" = "iPhone Developer";
				COPY_PHASE_STRIP = NO;
				DEBUG_INFORMATION_FORMAT = "dwarf-with-dsym";
				ENABLE_NS_ASSERTIONS = NO;
				ENABLE_STRICT_OBJC_MSGSEND = YES;
				GCC_C_LANGUAGE_STANDARD = gnu99;
				GCC_NO_COMMON_BLOCKS = YES;
				GCC_WARN_64_TO_32_BIT_CONVERSION = YES;
				GCC_WARN_ABOUT_RETURN_TYPE = YES_ERROR;
				GCC_WARN_UNDECLARED_SELECTOR = YES;
				GCC_WARN_UNINITIALIZED_AUTOS = YES_AGGRESSIVE;
				GCC_WARN_UNUSED_FUNCTION = YES;
				GCC_WARN_UNUSED_VARIABLE = YES;
				IPHONEOS_DEPLOYMENT_TARGET = 8.3;
				MTL_ENABLE_DEBUG_INFO = NO;
				SDKROOT = iphoneos;
				VALIDATE_PRODUCT = YES;
			};
			name = Release;
		};
		BEB4BF4C1AF6F999005ADD60 /* Debug */ = {
			isa = XCBuildConfiguration;
			baseConfigurationReference = 242E76245B0ABAAB1E2550E3 /* Pods-Tests.debug.xcconfig */;
			buildSettings = {
				FRAMEWORK_SEARCH_PATHS = (
					"$(SDKROOT)/Developer/Library/Frameworks",
					"$(inherited)",
				);
				GCC_PREPROCESSOR_DEFINITIONS = (
					"DEBUG=1",
					"$(inherited)",
				);
				INFOPLIST_FILE = Tests/Info.plist;
				LD_RUNPATH_SEARCH_PATHS = "$(inherited) @executable_path/Frameworks @loader_path/Frameworks";
				PRODUCT_NAME = "$(TARGET_NAME)";
			};
			name = Debug;
		};
		BEB4BF4D1AF6F999005ADD60 /* Release */ = {
			isa = XCBuildConfiguration;
			baseConfigurationReference = F859890EA9BE37960C71C04A /* Pods-Tests.release.xcconfig */;
			buildSettings = {
				FRAMEWORK_SEARCH_PATHS = (
					"$(SDKROOT)/Developer/Library/Frameworks",
					"$(inherited)",
				);
				INFOPLIST_FILE = Tests/Info.plist;
				LD_RUNPATH_SEARCH_PATHS = "$(inherited) @executable_path/Frameworks @loader_path/Frameworks";
				PRODUCT_NAME = "$(TARGET_NAME)";
			};
			name = Release;
		};
/* End XCBuildConfiguration section */

/* Begin XCConfigurationList section */
		BEB4BF241AF6F998005ADD60 /* Build configuration list for PBXProject "RandomSwift" */ = {
			isa = XCConfigurationList;
			buildConfigurations = (
				BEB4BF461AF6F999005ADD60 /* Debug */,
				BEB4BF471AF6F999005ADD60 /* Release */,
			);
			defaultConfigurationIsVisible = 0;
			defaultConfigurationName = Release;
		};
		BEB4BF4B1AF6F999005ADD60 /* Build configuration list for PBXNativeTarget "Tests" */ = {
			isa = XCConfigurationList;
			buildConfigurations = (
				BEB4BF4C1AF6F999005ADD60 /* Debug */,
				BEB4BF4D1AF6F999005ADD60 /* Release */,
			);
			defaultConfigurationIsVisible = 0;
			defaultConfigurationName = Release;
		};
/* End XCConfigurationList section */
	};
	rootObject = BEB4BF211AF6F998005ADD60 /* Project object */;
}
